
Microsoft Visual Studio Solution File, Format Version 12.00
# Visual Studio 15
Project("{FAE04EC0-301F-11D3-BF4B-00C04F79EFBC}") = "Assembly-CSharp", "Assembly-CSharp.csproj", "{A5BB48A2-1279-2136-BE26-C0AC3D32D81E}"
EndProject
Project("{FAE04EC0-301F-11D3-BF4B-00C04F79EFBC}") = "Assembly-CSharp-Editor", "Assembly-CSharp-Editor.csproj", "{FBBADB3A-4AC8-C4A6-C5B5-887E558009CD}"
EndProject
Global
	GlobalSection(SolutionConfigurationPlatforms) = preSolution
		Debug|Any CPU = Debug|Any CPU
		Release|Any CPU = Release|Any CPU
	EndGlobalSection
	GlobalSection(ProjectConfigurationPlatforms) = postSolution
		{A5BB48A2-1279-2136-BE26-C0AC3D32D81E}.Debug|Any CPU.ActiveCfg = Debug|Any CPU
		{A5BB48A2-1279-2136-BE26-C0AC3D32D81E}.Debug|Any CPU.Build.0 = Debug|Any CPU
		{A5BB48A2-1279-2136-BE26-C0AC3D32D81E}.Release|Any CPU.ActiveCfg = Release|Any CPU
		{A5BB48A2-1279-2136-BE26-C0AC3D32D81E}.Release|Any CPU.Build.0 = Release|Any CPU
		{FBBADB3A-4AC8-C4A6-C5B5-887E558009CD}.Debug|Any CPU.ActiveCfg = Debug|Any CPU
		{FBBADB3A-4AC8-C4A6-C5B5-887E558009CD}.Debug|Any CPU.Build.0 = Debug|Any CPU
		{FBBADB3A-4AC8-C4A6-C5B5-887E558009CD}.Release|Any CPU.ActiveCfg = Release|Any CPU
		{FBBADB3A-4AC8-C4A6-C5B5-887E558009CD}.Release|Any CPU.Build.0 = Release|Any CPU
	EndGlobalSection
	GlobalSection(SolutionProperties) = preSolution
		HideSolutionNode = FALSE
	EndGlobalSection
EndGlobal
